
Microsoft Visual Studio Solution File, Format Version 12.00
# Visual Studio Version 17
VisualStudioVersion = 17.3.32929.385
MinimumVisualStudioVersion = 10.0.40219.1
Project("{FAE04EC0-301F-11D3-BF4B-00C04F79EFBC}") = "TaskFormApp", "TaskFormApp\TaskFormApp.csproj", "{E65EF2EB-3AD2-4D23-A072-60E4F05B534F}"
EndProject
Project("{9A19103F-16F7-4668-BE54-9A1E7A4F7556}") = "TaskWebApp.API", "TaskWebApp.API\TaskWebApp.API.csproj", "{29E599C5-CF9A-41C9-8E9C-F32F6DB58350}"
EndProject
Project("{9A19103F-16F7-4668-BE54-9A1E7A4F7556}") = "TaskConsoleApp", "TaskConsoleApp\TaskConsoleApp.csproj", "{E5B7F42F-6421-4C7F-AB6C-FE00D3EEA139}"
EndProject
Project("{9A19103F-16F7-4668-BE54-9A1E7A4F7556}") = "ConsoleAppWhenAll", "ConsoleAppWhenAll\ConsoleAppWhenAll.csproj", "{D18C688C-9804-43BF-B93B-B768B1DE51F3}"
EndProject
Project("{9A19103F-16F7-4668-BE54-9A1E7A4F7556}") = "ConsoleAppWhenAny", "ConsoleAppWhenAny\ConsoleAppWhenAny.csproj", "{4EAF2612-8515-47C9-9DD0-A73DBCF9722F}"
EndProject
Project("{9A19103F-16F7-4668-BE54-9A1E7A4F7556}") = "ConsoleAppWaitAll", "ConsoleAppWaitAll\ConsoleAppWaitAll.csproj", "{8D5AAA64-A345-4C72-81D4-D7E13C7AEEA8}"
EndProject
Project("{9A19103F-16F7-4668-BE54-9A1E7A4F7556}") = "WaitAny()", "WaitAny()\WaitAny().csproj", "{813C7A37-FD00-4ED4-AA22-FEF2A4B6290A}"
EndProject
Project("{9A19103F-16F7-4668-BE54-9A1E7A4F7556}") = "WaitAny", "WaitAny\WaitAny.csproj", "{4E65A6ED-60B8-4459-90F5-C3D5A4A1A9F7}"
EndProject
Project("{9A19103F-16F7-4668-BE54-9A1E7A4F7556}") = "Delay", "Delay\Delay.csproj", "{27B741A6-3C0A-409E-91EF-C377240D9A48}"
EndProject
Project("{FAE04EC0-301F-11D3-BF4B-00C04F79EFBC}") = "TaskThreadApp", "TaskThreadApp\TaskThreadApp.csproj", "{9B462230-B594-4270-A6BC-1C095E0665FE}"
EndProject
Project("{FAE04EC0-301F-11D3-BF4B-00C04F79EFBC}") = "StartNew", "StartNew\StartNew.csproj", "{9CC6E661-C438-4837-86B2-EDB8E3A60D73}"
EndProject
Project("{FAE04EC0-301F-11D3-BF4B-00C04F79EFBC}") = "FromResult", "FromResult\FromResult.csproj", "{A8143B9C-89E4-4C5C-A8C1-C3F8BC4CC61A}"
EndProject
Project("{FAE04EC0-301F-11D3-BF4B-00C04F79EFBC}") = "TaskCancellationFormApp", "TaskCancellationFormApp\TaskCancellationFormApp.csproj", "{EF4730DB-9D7D-4DFF-9232-7C929234D937}"
EndProject
Project("{FAE04EC0-301F-11D3-BF4B-00C04F79EFBC}") = "TaskInstanceResultProperty", "TaskInstanceResultProperty\TaskInstanceResultProperty.csproj", "{9FAFC355-FF43-446D-B710-2CFF2787DF9A}"
EndProject
Project("{FAE04EC0-301F-11D3-BF4B-00C04F79EFBC}") = "ValueTask", "ValueTask\ValueTask.csproj", "{DB93F6A8-255B-4ACF-8AFC-464C5F58C9F9}"
EndProject
Project("{FAE04EC0-301F-11D3-BF4B-00C04F79EFBC}") = "ForEachParallelApp", "ForEachParallelApp\ForEachParallelApp.csproj", "{0F7446CC-7F79-446A-A973-B72DDC3016C8}"
EndProject
Project("{FAE04EC0-301F-11D3-BF4B-00C04F79EFBC}") = "ForEachParallelApp2", "ForEachParallelApp2\ForEachParallelApp2.csproj", "{AB4CD1F7-6A0B-4A33-9281-B5F0BB6E8CAF}"
EndProject
Project("{FAE04EC0-301F-11D3-BF4B-00C04F79EFBC}") = "RaceCondition", "RaceCondition\RaceCondition.csproj", "{265AA6BC-CCDF-4E03-995B-810D473F44C7}"
EndProject
Project("{FAE04EC0-301F-11D3-BF4B-00C04F79EFBC}") = "ParallelFor", "ParallelFor\ParallelFor.csproj", "{A15B958F-3392-4AB6-9AE7-55370A8DB1A8}"
EndProject
Project("{FAE04EC0-301F-11D3-BF4B-00C04F79EFBC}") = "ParallelFor-ForEach-Thread-LocalVariables", "ParallelFor-ForEach-Thread-LocalVariables\ParallelFor-ForEach-Thread-LocalVariables.csproj", "{E02ED7B5-2A43-410B-93B7-1AEA3FAC5663}"
EndProject
Project("{FAE04EC0-301F-11D3-BF4B-00C04F79EFBC}") = "ParallelForForEachCancellationApp", "ParallelForForEachCancellationApp\ParallelForForEachCancellationApp.csproj", "{C86D9C1D-8570-448F-ADE0-F9EC8EF0E19D}"
EndProject
Project("{FAE04EC0-301F-11D3-BF4B-00C04F79EFBC}") = "PLINQAPP", "PLINQAPP\PLINQAPP.csproj", "{DF2239C3-F3C6-458C-9F10-3799BB1ADECA}"
EndProject
Global
	GlobalSection(SolutionConfigurationPlatforms) = preSolution
		Debug|Any CPU = Debug|Any CPU
		Release|Any CPU = Release|Any CPU
	EndGlobalSection
	GlobalSection(ProjectConfigurationPlatforms) = postSolution
		{E65EF2EB-3AD2-4D23-A072-60E4F05B534F}.Debug|Any CPU.ActiveCfg = Debug|Any CPU
		{E65EF2EB-3AD2-4D23-A072-60E4F05B534F}.Debug|Any CPU.Build.0 = Debug|Any CPU
		{E65EF2EB-3AD2-4D23-A072-60E4F05B534F}.Release|Any CPU.ActiveCfg = Release|Any CPU
		{E65EF2EB-3AD2-4D23-A072-60E4F05B534F}.Release|Any CPU.Build.0 = Release|Any CPU
		{29E599C5-CF9A-41C9-8E9C-F32F6DB58350}.Debug|Any CPU.ActiveCfg = Debug|Any CPU
		{29E599C5-CF9A-41C9-8E9C-F32F6DB58350}.Debug|Any CPU.Build.0 = Debug|Any CPU
		{29E599C5-CF9A-41C9-8E9C-F32F6DB58350}.Release|Any CPU.ActiveCfg = Release|Any CPU
		{29E599C5-CF9A-41C9-8E9C-F32F6DB58350}.Release|Any CPU.Build.0 = Release|Any CPU
		{E5B7F42F-6421-4C7F-AB6C-FE00D3EEA139}.Debug|Any CPU.ActiveCfg = Debug|Any CPU
		{E5B7F42F-6421-4C7F-AB6C-FE00D3EEA139}.Debug|Any CPU.Build.0 = Debug|Any CPU
		{E5B7F42F-6421-4C7F-AB6C-FE00D3EEA139}.Release|Any CPU.ActiveCfg = Release|Any CPU
		{E5B7F42F-6421-4C7F-AB6C-FE00D3EEA139}.Release|Any CPU.Build.0 = Release|Any CPU
		{D18C688C-9804-43BF-B93B-B768B1DE51F3}.Debug|Any CPU.ActiveCfg = Debug|Any CPU
		{D18C688C-9804-43BF-B93B-B768B1DE51F3}.Debug|Any CPU.Build.0 = Debug|Any CPU
		{D18C688C-9804-43BF-B93B-B768B1DE51F3}.Release|Any CPU.ActiveCfg = Release|Any CPU
		{D18C688C-9804-43BF-B93B-B768B1DE51F3}.Release|Any CPU.Build.0 = Release|Any CPU
		{4EAF2612-8515-47C9-9DD0-A73DBCF9722F}.Debug|Any CPU.ActiveCfg = Debug|Any CPU
		{4EAF2612-8515-47C9-9DD0-A73DBCF9722F}.Debug|Any CPU.Build.0 = Debug|Any CPU
		{4EAF2612-8515-47C9-9DD0-A73DBCF9722F}.Release|Any CPU.ActiveCfg = Release|Any CPU
		{4EAF2612-8515-47C9-9DD0-A73DBCF9722F}.Release|Any CPU.Build.0 = Release|Any CPU
		{8D5AAA64-A345-4C72-81D4-D7E13C7AEEA8}.Debug|Any CPU.ActiveCfg = Debug|Any CPU
		{8D5AAA64-A345-4C72-81D4-D7E13C7AEEA8}.Debug|Any CPU.Build.0 = Debug|Any CPU
		{8D5AAA64-A345-4C72-81D4-D7E13C7AEEA8}.Release|Any CPU.ActiveCfg = Release|Any CPU
		{8D5AAA64-A345-4C72-81D4-D7E13C7AEEA8}.Release|Any CPU.Build.0 = Release|Any CPU
		{813C7A37-FD00-4ED4-AA22-FEF2A4B6290A}.Debug|Any CPU.ActiveCfg = Debug|Any CPU
		{813C7A37-FD00-4ED4-AA22-FEF2A4B6290A}.Debug|Any CPU.Build.0 = Debug|Any CPU
		{813C7A37-FD00-4ED4-AA22-FEF2A4B6290A}.Release|Any CPU.ActiveCfg = Release|Any CPU
		{813C7A37-FD00-4ED4-AA22-FEF2A4B6290A}.Release|Any CPU.Build.0 = Release|Any CPU
		{4E65A6ED-60B8-4459-90F5-C3D5A4A1A9F7}.Debug|Any CPU.ActiveCfg = Debug|Any CPU
		{4E65A6ED-60B8-4459-90F5-C3D5A4A1A9F7}.Debug|Any CPU.Build.0 = Debug|Any CPU
		{4E65A6ED-60B8-4459-90F5-C3D5A4A1A9F7}.Release|Any CPU.ActiveCfg = Release|Any CPU
		{4E65A6ED-60B8-4459-90F5-C3D5A4A1A9F7}.Release|Any CPU.Build.0 = Release|Any CPU
		{27B741A6-3C0A-409E-91EF-C377240D9A48}.Debug|Any CPU.ActiveCfg = Debug|Any CPU
		{27B741A6-3C0A-409E-91EF-C377240D9A48}.Debug|Any CPU.Build.0 = Debug|Any CPU
		{27B741A6-3C0A-409E-91EF-C377240D9A48}.Release|Any CPU.ActiveCfg = Release|Any CPU
		{27B741A6-3C0A-409E-91EF-C377240D9A48}.Release|Any CPU.Build.0 = Release|Any CPU
		{9B462230-B594-4270-A6BC-1C095E0665FE}.Debug|Any CPU.ActiveCfg = Debug|Any CPU
		{9B462230-B594-4270-A6BC-1C095E0665FE}.Debug|Any CPU.Build.0 = Debug|Any CPU
		{9B462230-B594-4270-A6BC-1C095E0665FE}.Release|Any CPU.ActiveCfg = Release|Any CPU
		{9B462230-B594-4270-A6BC-1C095E0665FE}.Release|Any CPU.Build.0 = Release|Any CPU
		{9CC6E661-C438-4837-86B2-EDB8E3A60D73}.Debug|Any CPU.ActiveCfg = Debug|Any CPU
		{9CC6E661-C438-4837-86B2-EDB8E3A60D73}.Debug|Any CPU.Build.0 = Debug|Any CPU
		{9CC6E661-C438-4837-86B2-EDB8E3A60D73}.Release|Any CPU.ActiveCfg = Release|Any CPU
		{9CC6E661-C438-4837-86B2-EDB8E3A60D73}.Release|Any CPU.Build.0 = Release|Any CPU
		{A8143B9C-89E4-4C5C-A8C1-C3F8BC4CC61A}.Debug|Any CPU.ActiveCfg = Debug|Any CPU
		{A8143B9C-89E4-4C5C-A8C1-C3F8BC4CC61A}.Debug|Any CPU.Build.0 = Debug|Any CPU
		{A8143B9C-89E4-4C5C-A8C1-C3F8BC4CC61A}.Release|Any CPU.ActiveCfg = Release|Any CPU
		{A8143B9C-89E4-4C5C-A8C1-C3F8BC4CC61A}.Release|Any CPU.Build.0 = Release|Any CPU
		{EF4730DB-9D7D-4DFF-9232-7C929234D937}.Debug|Any CPU.ActiveCfg = Debug|Any CPU
		{EF4730DB-9D7D-4DFF-9232-7C929234D937}.Debug|Any CPU.Build.0 = Debug|Any CPU
		{EF4730DB-9D7D-4DFF-9232-7C929234D937}.Release|Any CPU.ActiveCfg = Release|Any CPU
		{EF4730DB-9D7D-4DFF-9232-7C929234D937}.Release|Any CPU.Build.0 = Release|Any CPU
		{9FAFC355-FF43-446D-B710-2CFF2787DF9A}.Debug|Any CPU.ActiveCfg = Debug|Any CPU
		{9FAFC355-FF43-446D-B710-2CFF2787DF9A}.Debug|Any CPU.Build.0 = Debug|Any CPU
		{9FAFC355-FF43-446D-B710-2CFF2787DF9A}.Release|Any CPU.ActiveCfg = Release|Any CPU
		{9FAFC355-FF43-446D-B710-2CFF2787DF9A}.Release|Any CPU.Build.0 = Release|Any CPU
		{DB93F6A8-255B-4ACF-8AFC-464C5F58C9F9}.Debug|Any CPU.ActiveCfg = Debug|Any CPU
		{DB93F6A8-255B-4ACF-8AFC-464C5F58C9F9}.Debug|Any CPU.Build.0 = Debug|Any CPU
		{DB93F6A8-255B-4ACF-8AFC-464C5F58C9F9}.Release|Any CPU.ActiveCfg = Release|Any CPU
		{DB93F6A8-255B-4ACF-8AFC-464C5F58C9F9}.Release|Any CPU.Build.0 = Release|Any CPU
		{0F7446CC-7F79-446A-A973-B72DDC3016C8}.Debug|Any CPU.ActiveCfg = Debug|Any CPU
		{0F7446CC-7F79-446A-A973-B72DDC3016C8}.Debug|Any CPU.Build.0 = Debug|Any CPU
		{0F7446CC-7F79-446A-A973-B72DDC3016C8}.Release|Any CPU.ActiveCfg = Release|Any CPU
		{0F7446CC-7F79-446A-A973-B72DDC3016C8}.Release|Any CPU.Build.0 = Release|Any CPU
		{AB4CD1F7-6A0B-4A33-9281-B5F0BB6E8CAF}.Debug|Any CPU.ActiveCfg = Debug|Any CPU
		{AB4CD1F7-6A0B-4A33-9281-B5F0BB6E8CAF}.Debug|Any CPU.Build.0 = Debug|Any CPU
		{AB4CD1F7-6A0B-4A33-9281-B5F0BB6E8CAF}.Release|Any CPU.ActiveCfg = Release|Any CPU
		{AB4CD1F7-6A0B-4A33-9281-B5F0BB6E8CAF}.Release|Any CPU.Build.0 = Release|Any CPU
		{265AA6BC-CCDF-4E03-995B-810D473F44C7}.Debug|Any CPU.ActiveCfg = Debug|Any CPU
		{265AA6BC-CCDF-4E03-995B-810D473F44C7}.Debug|Any CPU.Build.0 = Debug|Any CPU
		{265AA6BC-CCDF-4E03-995B-810D473F44C7}.Release|Any CPU.ActiveCfg = Release|Any CPU
		{265AA6BC-CCDF-4E03-995B-810D473F44C7}.Release|Any CPU.Build.0 = Release|Any CPU
		{A15B958F-3392-4AB6-9AE7-55370A8DB1A8}.Debug|Any CPU.ActiveCfg = Debug|Any CPU
		{A15B958F-3392-4AB6-9AE7-55370A8DB1A8}.Debug|Any CPU.Build.0 = Debug|Any CPU
		{A15B958F-3392-4AB6-9AE7-55370A8DB1A8}.Release|Any CPU.ActiveCfg = Release|Any CPU
		{A15B958F-3392-4AB6-9AE7-55370A8DB1A8}.Release|Any CPU.Build.0 = Release|Any CPU
		{E02ED7B5-2A43-410B-93B7-1AEA3FAC5663}.Debug|Any CPU.ActiveCfg = Debug|Any CPU
		{E02ED7B5-2A43-410B-93B7-1AEA3FAC5663}.Debug|Any CPU.Build.0 = Debug|Any CPU
		{E02ED7B5-2A43-410B-93B7-1AEA3FAC5663}.Release|Any CPU.ActiveCfg = Release|Any CPU
		{E02ED7B5-2A43-410B-93B7-1AEA3FAC5663}.Release|Any CPU.Build.0 = Release|Any CPU
		{C86D9C1D-8570-448F-ADE0-F9EC8EF0E19D}.Debug|Any CPU.ActiveCfg = Debug|Any CPU
		{C86D9C1D-8570-448F-ADE0-F9EC8EF0E19D}.Debug|Any CPU.Build.0 = Debug|Any CPU
		{C86D9C1D-8570-448F-ADE0-F9EC8EF0E19D}.Release|Any CPU.ActiveCfg = Release|Any CPU
		{C86D9C1D-8570-448F-ADE0-F9EC8EF0E19D}.Release|Any CPU.Build.0 = Release|Any CPU
		{DF2239C3-F3C6-458C-9F10-3799BB1ADECA}.Debug|Any CPU.ActiveCfg = Debug|Any CPU
		{DF2239C3-F3C6-458C-9F10-3799BB1ADECA}.Debug|Any CPU.Build.0 = Debug|Any CPU
		{DF2239C3-F3C6-458C-9F10-3799BB1ADECA}.Release|Any CPU.ActiveCfg = Release|Any CPU
		{DF2239C3-F3C6-458C-9F10-3799BB1ADECA}.Release|Any CPU.Build.0 = Release|Any CPU
	EndGlobalSection
	GlobalSection(SolutionProperties) = preSolution
		HideSolutionNode = FALSE
	EndGlobalSection
	GlobalSection(ExtensibilityGlobals) = postSolution
		SolutionGuid = {5C9D241E-0D93-4501-9B59-C944ED4D1650}
	EndGlobalSection
EndGlobal
